{
  "name": "codex-memory",
  "version": "0.1.0",
  "lockfileVersion": 3,
  "requires": true,
  "packages": {
    "": {
      "name": "codex-memory",
      "version": "0.1.0",
      "bin": {
        "codex-memory": "src/index.js",
        "codex-memory-active-memory": "src/cli/active-memory.js",
        "codex-memory-compare-vcp-active-memory": "src/cli/compare-vcp-active-memory.js",
        "codex-memory-deepmemo": "src/cli/deepmemo.js",
        "codex-memory-http": "src/http-index.js",
        "codex-memory-provider-benchmark": "src/cli/provider-benchmark.js",
        "codex-memory-provider-smoke": "src/cli/provider-smoke.js",
        "codex-memory-rebuild-shadow": "src/cli/rebuild-shadow.js",
        "codex-memory-rollback-active-memory": "src/cli/rollback-active-memory.js",
        "codex-memory-topicmemo": "src/cli/topicmemo.js"
      },
      "engines": {
        "node": ">=22.0.0"
      }
    }
  }
}
